<?xml version="1.0" encoding="utf-8"?>
<Project ToolsVersion="4.0" xmlns="http://schemas.microsoft.com/developer/msbuild/2003">
  <ItemGroup>
    <Filter Include="ASM Files">
      <UniqueIdentifier>{8f8d6b1e-3a2c-4f7b-9e5a-6c1d2e3f4a5b}</UniqueIdentifier>
      <Extensions>asm</Extensions>
    </Filter>
    <Filter Include="Driver Files">
      <UniqueIdentifier>{2c9f5d8a-7b4e-4c3a-b1d6-8e9f0a1b2c3d}</UniqueIdentifier>
      <Extensions>inf;inx</Extensions>
    </Filter>
    <Filter Include="Header Files">
      <UniqueIdentifier>{93995380-89BD-4b04-88EB-625FBE52EBFB}</UniqueIdentifier>
      <Extensions>h;hh;hpp;hxx;h++;hm;inl;inc;ipp;xsd</Extensions>
    </Filter>
    <Filter Include="Source Files">
      <UniqueIdentifier>{4FC737F1-C7A5-4376-A066-2A32D752A2FF}</UniqueIdentifier>
      <Extensions>cpp;c;cc;cxx;c++;cppm;cu;inc;ipp;xsd</Extensions>
    </Filter>
  </ItemGroup>
  <ItemGroup>
    <ClCompile Include="common.c">
      <Filter>Source Files</Filter>
    </ClCompile>
    <ClCompile Include="LDasm.c">
      <Filter>Source Files</Filter>
    </ClCompile>
    <ClCompile Include="main.c">
      <Filter>Source Files</Filter>
    </ClCompile>
    <ClCompile Include="npt.c">
      <Filter>Source Files</Filter>
    </ClCompile>
    <ClCompile Include="svm.c">
      <Filter>Source Files</Filter>
    </ClCompile>
    <ClCompile Include="hook.c">
      <Filter>Source Files</Filter>
    </ClCompile>
  </ItemGroup>
  <ItemGroup>
    <ClInclude Include="common.h">
      <Filter>Header Files</Filter>
    </ClInclude>
    <ClInclude Include="LDasm.h">
      <Filter>Header Files</Filter>
    </ClInclude>
    <ClInclude Include="npt.h">
      <Filter>Header Files</Filter>
    </ClInclude>
    <ClInclude Include="hook.h">
      <Filter>Header Files</Filter>
    </ClInclude>
    <ClInclude Include="svm.h">
      <Filter>Header Files</Filter>
    </ClInclude>
    <ClInclude Include="vmcb.h">
      <Filter>Header Files</Filter>
    </ClInclude>
  </ItemGroup>
  <ItemGroup>
    <MASM Include="common-asm.asm">
      <Filter>ASM Files</Filter>
    </MASM>
    <MASM Include="svm-asm.asm">
      <Filter>ASM Files</Filter>
    </MASM>
    <MASM Include="hook-asm.asm">
      <Filter>ASM Files</Filter>
    </MASM>
  </ItemGroup>
  <ItemGroup>
    <Inf Include="GnptHooks.inf">
      <Filter>Driver Files</Filter>
    </Inf>
  </ItemGroup>
</Project>
